// !$*UTF8*$!
{
	archiveVersion = 1;
	classes = {
	};
	objectVersion = 55;
	objects = {

/* Begin PBXBuildFile section */
		A94555842812F25500BF191E /* Studio.cpp in Sources */ = {isa = PBXBuildFile; fileRef = A94555822812F25500BF191E /* Studio.cpp */; };
		A94555872812F26900BF191E /* Trainer.cpp in Sources */ = {isa = PBXBuildFile; fileRef = A94555852812F26900BF191E /* Trainer.cpp */; };
		A945558A2812F27400BF191E /* Student.cpp in Sources */ = {isa = PBXBuildFile; fileRef = A94555882812F27400BF191E /* Student.cpp */; };
		A945558D2812F35800BF191E /* Workshop.cpp in Sources */ = {isa = PBXBuildFile; fileRef = A945558B2812F35800BF191E /* Workshop.cpp */; };
		A9455590281332C300BF191E /* Person.cpp in Sources */ = {isa = PBXBuildFile; fileRef = A945558E281332C300BF191E /* Person.cpp */; };
		A9EB2650280F209B008971D6 /* main.cpp in Sources */ = {isa = PBXBuildFile; fileRef = A9EB264F280F209B008971D6 /* main.cpp */; };
/* End PBXBuildFile section */

/* Begin PBXCopyFilesBuildPhase section */
		A9EB264A280F209B008971D6 /* CopyFiles */ = {
			isa = PBXCopyFilesBuildPhase;
			buildActionMask = 2147483647;
			dstPath = /usr/share/man/man1/;
			dstSubfolderSpec = 0;
			files = (
			);
			runOnlyForDeploymentPostprocessing = 1;
		};
/* End PBXCopyFilesBuildPhase section */

/* Begin PBXFileReference section */
		A94555822812F25500BF191E /* Studio.cpp */ = {isa = PBXFileReference; lastKnownFileType = sourcecode.cpp.cpp; path = Studio.cpp; sourceTree = "<group>"; };
		A94555832812F25500BF191E /* Studio.hpp */ = {isa = PBXFileReference; lastKnownFileType = sourcecode.cpp.h; path = Studio.hpp; sourceTree = "<group>"; };
		A94555852812F26900BF191E /* Trainer.cpp */ = {isa = PBXFileReference; lastKnownFileType = sourcecode.cpp.cpp; path = Trainer.cpp; sourceTree = "<group>"; };
		A94555862812F26900BF191E /* Trainer.hpp */ = {isa = PBXFileReference; lastKnownFileType = sourcecode.cpp.h; path = Trainer.hpp; sourceTree = "<group>"; };
		A94555882812F27400BF191E /* Student.cpp */ = {isa = PBXFileReference; lastKnownFileType = sourcecode.cpp.cpp; path = Student.cpp; sourceTree = "<group>"; };
		A94555892812F27400BF191E /* Student.hpp */ = {isa = PBXFileReference; lastKnownFileType = sourcecode.cpp.h; path = Student.hpp; sourceTree = "<group>"; };
		A945558B2812F35800BF191E /* Workshop.cpp */ = {isa = PBXFileReference; lastKnownFileType = sourcecode.cpp.cpp; path = Workshop.cpp; sourceTree = "<group>"; };
		A945558C2812F35800BF191E /* Workshop.hpp */ = {isa = PBXFileReference; lastKnownFileType = sourcecode.cpp.h; path = Workshop.hpp; sourceTree = "<group>"; };
		A945558E281332C300BF191E /* Person.cpp */ = {isa = PBXFileReference; lastKnownFileType = sourcecode.cpp.cpp; path = Person.cpp; sourceTree = "<group>"; };
		A945558F281332C300BF191E /* Person.hpp */ = {isa = PBXFileReference; lastKnownFileType = sourcecode.cpp.h; path = Person.hpp; sourceTree = "<group>"; };
		A99712B3281D9551009D006D /* trainer.txt */ = {isa = PBXFileReference; lastKnownFileType = text; path = trainer.txt; sourceTree = "<group>"; };
		A99712B4281F113F009D006D /* studio.txt */ = {isa = PBXFileReference; lastKnownFileType = text; path = studio.txt; sourceTree = "<group>"; };
		A99712B6281F1306009D006D /* student.txt */ = {isa = PBXFileReference; lastKnownFileType = text; path = student.txt; sourceTree = "<group>"; };
		A99712B7281F131E009D006D /* workshop.txt */ = {isa = PBXFileReference; lastKnownFileType = text; path = workshop.txt; sourceTree = "<group>"; };
		A9EB264C280F209B008971D6 /* end_project */ = {isa = PBXFileReference; explicitFileType = "compiled.mach-o.executable"; includeInIndex = 0; path = end_project; sourceTree = BUILT_PRODUCTS_DIR; };
		A9EB264F280F209B008971D6 /* main.cpp */ = {isa = PBXFileReference; lastKnownFileType = sourcecode.cpp.cpp; name = main.cpp; path = end_project/main.cpp; sourceTree = SOURCE_ROOT; };
/* End PBXFileReference section */

/* Begin PBXFrameworksBuildPhase section */
		A9EB2649280F209B008971D6 /* Frameworks */ = {
			isa = PBXFrameworksBuildPhase;
			buildActionMask = 2147483647;
			files = (
			);
			runOnlyForDeploymentPostprocessing = 0;
		};
/* End PBXFrameworksBuildPhase section */

/* Begin PBXGroup section */
		A9455591281335C000BF191E /* people */ = {
			isa = PBXGroup;
			children = (
				A945558F281332C300BF191E /* Person.hpp */,
				A945558E281332C300BF191E /* Person.cpp */,
				A94555852812F26900BF191E /* Trainer.cpp */,
				A94555882812F27400BF191E /* Student.cpp */,
				A94555862812F26900BF191E /* Trainer.hpp */,
				A94555892812F27400BF191E /* Student.hpp */,
			);
			path = people;
			sourceTree = "<group>";
		};
		A9455592281335CC00BF191E /* space */ = {
			isa = PBXGroup;
			children = (
				A945558C2812F35800BF191E /* Workshop.hpp */,
				A94555832812F25500BF191E /* Studio.hpp */,
				A94555822812F25500BF191E /* Studio.cpp */,
				A945558B2812F35800BF191E /* Workshop.cpp */,
			);
			path = space;
			sourceTree = "<group>";
		};
		A945559328144FCB00BF191E /* database */ = {
			isa = PBXGroup;
			children = (
				A99712B7281F131E009D006D /* workshop.txt */,
				A99712B6281F1306009D006D /* student.txt */,
				A99712B4281F113F009D006D /* studio.txt */,
				A99712B3281D9551009D006D /* trainer.txt */,
			);
			path = database;
			sourceTree = "<group>";
		};
		A9EB2643280F209B008971D6 = {
			isa = PBXGroup;
			children = (
				A9EB264E280F209B008971D6 /* end_project */,
				A9EB264D280F209B008971D6 /* Products */,
			);
			sourceTree = "<group>";
		};
		A9EB264D280F209B008971D6 /* Products */ = {
			isa = PBXGroup;
			children = (
				A9EB264C280F209B008971D6 /* end_project */,
			);
			name = Products;
			sourceTree = "<group>";
		};
		A9EB264E280F209B008971D6 /* end_project */ = {
			isa = PBXGroup;
			children = (
				A945559328144FCB00BF191E /* database */,
				A9455592281335CC00BF191E /* space */,
				A9455591281335C000BF191E /* people */,
				A9EB264F280F209B008971D6 /* main.cpp */,
			);
			path = end_project;
			sourceTree = "<group>";
		};
/* End PBXGroup section */

/* Begin PBXNativeTarget section */
		A9EB264B280F209B008971D6 /* end_project */ = {
			isa = PBXNativeTarget;
			buildConfigurationList = A9EB2653280F209B008971D6 /* Build configuration list for PBXNativeTarget "end_project" */;
			buildPhases = (
				A9EB2648280F209B008971D6 /* Sources */,
				A9EB2649280F209B008971D6 /* Frameworks */,
				A9EB264A280F209B008971D6 /* CopyFiles */,
			);
			buildRules = (
			);
			dependencies = (
			);
			name = end_project;
			productName = end_project;
			productReference = A9EB264C280F209B008971D6 /* end_project */;
			productType = "com.apple.product-type.tool";
		};
/* End PBXNativeTarget section */

/* Begin PBXProject section */
		A9EB2644280F209B008971D6 /* Project object */ = {
			isa = PBXProject;
			attributes = {
				BuildIndependentTargetsInParallel = 1;
				LastUpgradeCheck = 1330;
				TargetAttributes = {
					A9EB264B280F209B008971D6 = {
						CreatedOnToolsVersion = 13.3.1;
					};
				};
			};
			buildConfigurationList = A9EB2647280F209B008971D6 /* Build configuration list for PBXProject "end_project" */;
			compatibilityVersion = "Xcode 13.0";
			developmentRegion = en;
			hasScannedForEncodings = 0;
			knownRegions = (
				en,
				Base,
			);
			mainGroup = A9EB2643280F209B008971D6;
			productRefGroup = A9EB264D280F209B008971D6 /* Products */;
			projectDirPath = "";
			projectRoot = "";
			targets = (
				A9EB264B280F209B008971D6 /* end_project */,
			);
		};
/* End PBXProject section */

/* Begin PBXSourcesBuildPhase section */
		A9EB2648280F209B008971D6 /* Sources */ = {
			isa = PBXSourcesBuildPhase;
			buildActionMask = 2147483647;
			files = (
				A9EB2650280F209B008971D6 /* main.cpp in Sources */,
				A94555842812F25500BF191E /* Studio.cpp in Sources */,
				A94555872812F26900BF191E /* Trainer.cpp in Sources */,
				A945558D2812F35800BF191E /* Workshop.cpp in Sources */,
				A9455590281332C300BF191E /* Person.cpp in Sources */,
				A945558A2812F27400BF191E /* Student.cpp in Sources */,
			);
			runOnlyForDeploymentPostprocessing = 0;
		};
/* End PBXSourcesBuildPhase section */

/* Begin XCBuildConfiguration section */
		A9EB2651280F209B008971D6 /* Debug */ = {
			isa = XCBuildConfiguration;
			buildSettings = {
				ALWAYS_SEARCH_USER_PATHS = NO;
				CLANG_ANALYZER_NONNULL = YES;
				CLANG_ANALYZER_NUMBER_OBJECT_CONVERSION = YES_AGGRESSIVE;
				CLANG_CXX_LANGUAGE_STANDARD = "gnu++17";
				CLANG_ENABLE_MODULES = YES;
				CLANG_ENABLE_OBJC_ARC = YES;
				CLANG_ENABLE_OBJC_WEAK = YES;
				CLANG_WARN_BLOCK_CAPTURE_AUTORELEASING = YES;
				CLANG_WARN_BOOL_CONVERSION = YES;
				CLANG_WARN_COMMA = YES;
				CLANG_WARN_CONSTANT_CONVERSION = YES;
				CLANG_WARN_DEPRECATED_OBJC_IMPLEMENTATIONS = YES;
				CLANG_WARN_DIRECT_OBJC_ISA_USAGE = YES_ERROR;
				CLANG_WARN_DOCUMENTATION_COMMENTS = YES;
				CLANG_WARN_EMPTY_BODY = YES;
				CLANG_WARN_ENUM_CONVERSION = YES;
				CLANG_WARN_INFINITE_RECURSION = YES;
				CLANG_WARN_INT_CONVERSION = YES;
				CLANG_WARN_NON_LITERAL_NULL_CONVERSION = YES;
				CLANG_WARN_OBJC_IMPLICIT_RETAIN_SELF = YES;
				CLANG_WARN_OBJC_LITERAL_CONVERSION = YES;
				CLANG_WARN_OBJC_ROOT_CLASS = YES_ERROR;
				CLANG_WARN_QUOTED_INCLUDE_IN_FRAMEWORK_HEADER = YES;
				CLANG_WARN_RANGE_LOOP_ANALYSIS = YES;
				CLANG_WARN_STRICT_PROTOTYPES = YES;
				CLANG_WARN_SUSPICIOUS_MOVE = YES;
				CLANG_WARN_UNGUARDED_AVAILABILITY = YES_AGGRESSIVE;
				CLANG_WARN_UNREACHABLE_CODE = YES;
				CLANG_WARN__DUPLICATE_METHOD_MATCH = YES;
				COPY_PHASE_STRIP = NO;
				DEBUG_INFORMATION_FORMAT = dwarf;
				ENABLE_STRICT_OBJC_MSGSEND = YES;
				ENABLE_TESTABILITY = YES;
				GCC_C_LANGUAGE_STANDARD = gnu11;
				GCC_DYNAMIC_NO_PIC = NO;
				GCC_NO_COMMON_BLOCKS = YES;
				GCC_OPTIMIZATION_LEVEL = 0;
				GCC_PREPROCESSOR_DEFINITIONS = (
					"DEBUG=1",
					"$(inherited)",
				);
				GCC_WARN_64_TO_32_BIT_CONVERSION = YES;
				GCC_WARN_ABOUT_RETURN_TYPE = YES_ERROR;
				GCC_WARN_UNDECLARED_SELECTOR = YES;
				GCC_WARN_UNINITIALIZED_AUTOS = YES_AGGRESSIVE;
				GCC_WARN_UNUSED_FUNCTION = YES;
				GCC_WARN_UNUSED_VARIABLE = YES;
				MACOSX_DEPLOYMENT_TARGET = 12.3;
				MTL_ENABLE_DEBUG_INFO = INCLUDE_SOURCE;
				MTL_FAST_MATH = YES;
				ONLY_ACTIVE_ARCH = YES;
				SDKROOT = macosx;
			};
			name = Debug;
		};
		A9EB2652280F209B008971D6 /* Release */ = {
			isa = XCBuildConfiguration;
			buildSettings = {
				ALWAYS_SEARCH_USER_PATHS = NO;
				CLANG_ANALYZER_NONNULL = YES;
				CLANG_ANALYZER_NUMBER_OBJECT_CONVERSION = YES_AGGRESSIVE;
				CLANG_CXX_LANGUAGE_STANDARD = "gnu++17";
				CLANG_ENABLE_MODULES = YES;
				CLANG_ENABLE_OBJC_ARC = YES;
				CLANG_ENABLE_OBJC_WEAK = YES;
				CLANG_WARN_BLOCK_CAPTURE_AUTORELEASING = YES;
				CLANG_WARN_BOOL_CONVERSION = YES;
				CLANG_WARN_COMMA = YES;
				CLANG_WARN_CONSTANT_CONVERSION = YES;
				CLANG_WARN_DEPRECATED_OBJC_IMPLEMENTATIONS = YES;
				CLANG_WARN_DIRECT_OBJC_ISA_USAGE = YES_ERROR;
				CLANG_WARN_DOCUMENTATION_COMMENTS = YES;
				CLANG_WARN_EMPTY_BODY = YES;
				CLANG_WARN_ENUM_CONVERSION = YES;
				CLANG_WARN_INFINITE_RECURSION = YES;
				CLANG_WARN_INT_CONVERSION = YES;
				CLANG_WARN_NON_LITERAL_NULL_CONVERSION = YES;
				CLANG_WARN_OBJC_IMPLICIT_RETAIN_SELF = YES;
				CLANG_WARN_OBJC_LITERAL_CONVERSION = YES;
				CLANG_WARN_OBJC_ROOT_CLASS = YES_ERROR;
				CLANG_WARN_QUOTED_INCLUDE_IN_FRAMEWORK_HEADER = YES;
				CLANG_WARN_RANGE_LOOP_ANALYSIS = YES;
				CLANG_WARN_STRICT_PROTOTYPES = YES;
				CLANG_WARN_SUSPICIOUS_MOVE = YES;
				CLANG_WARN_UNGUARDED_AVAILABILITY = YES_AGGRESSIVE;
				CLANG_WARN_UNREACHABLE_CODE = YES;
				CLANG_WARN__DUPLICATE_METHOD_MATCH = YES;
				COPY_PHASE_STRIP = NO;
				DEBUG_INFORMATION_FORMAT = "dwarf-with-dsym";
				ENABLE_NS_ASSERTIONS = NO;
				ENABLE_STRICT_OBJC_MSGSEND = YES;
				GCC_C_LANGUAGE_STANDARD = gnu11;
				GCC_NO_COMMON_BLOCKS = YES;
				GCC_WARN_64_TO_32_BIT_CONVERSION = YES;
				GCC_WARN_ABOUT_RETURN_TYPE = YES_ERROR;
				GCC_WARN_UNDECLARED_SELECTOR = YES;
				GCC_WARN_UNINITIALIZED_AUTOS = YES_AGGRESSIVE;
				GCC_WARN_UNUSED_FUNCTION = YES;
				GCC_WARN_UNUSED_VARIABLE = YES;
				MACOSX_DEPLOYMENT_TARGET = 12.3;
				MTL_ENABLE_DEBUG_INFO = NO;
				MTL_FAST_MATH = YES;
				SDKROOT = macosx;
			};
			name = Release;
		};
		A9EB2654280F209B008971D6 /* Debug */ = {
			isa = XCBuildConfiguration;
			buildSettings = {
				CODE_SIGN_STYLE = Automatic;
				PRODUCT_NAME = "$(TARGET_NAME)";
			};
			name = Debug;
		};
		A9EB2655280F209B008971D6 /* Release */ = {
			isa = XCBuildConfiguration;
			buildSettings = {
				CODE_SIGN_STYLE = Automatic;
				PRODUCT_NAME = "$(TARGET_NAME)";
			};
			name = Release;
		};
/* End XCBuildConfiguration section */

/* Begin XCConfigurationList section */
		A9EB2647280F209B008971D6 /* Build configuration list for PBXProject "end_project" */ = {
			isa = XCConfigurationList;
			buildConfigurations = (
				A9EB2651280F209B008971D6 /* Debug */,
				A9EB2652280F209B008971D6 /* Release */,
			);
			defaultConfigurationIsVisible = 0;
			defaultConfigurationName = Release;
		};
		A9EB2653280F209B008971D6 /* Build configuration list for PBXNativeTarget "end_project" */ = {
			isa = XCConfigurationList;
			buildConfigurations = (
				A9EB2654280F209B008971D6 /* Debug */,
				A9EB2655280F209B008971D6 /* Release */,
			);
			defaultConfigurationIsVisible = 0;
			defaultConfigurationName = Release;
		};
/* End XCConfigurationList section */
	};
	rootObject = A9EB2644280F209B008971D6 /* Project object */;
}
